schema: '2.0'
stages:
  generate_data:
    cmd: py dataset_generation.py
    params:
      cfg/dataset.yaml:
        generate.dataset_size: 5000
        generate.seed: 23
    outs:
    - path: data/dataset.csv
      md5: f3fca855f07f671ab2e098ceabeebe6f
      size: 146137
    - path: data/img
      md5: 22028654a51c694f27262b04a3e3749f.dir
      size: 124895306
      nfiles: 10000
