schema: '2.0'
stages:
  generate_data:
    cmd: py dataset_generation.py
    params:
      cfg/dataset.yaml:
        generate.dataset_size: 5000
        generate.seed: 23
    outs:
    - path: data/dataset.csv
      md5: 21e5f6f974d339c5637fbed1b6023caa
      size: 83901
    - path: data/img
      md5: e19d1578e90d364874d91fb796051939.dir
      size: 131959866
      nfiles: 15000
